
Microsoft Visual Studio Solution File, Format Version 12.00
# Visual Studio 15
VisualStudioVersion = 15.0.28307.2092
MinimumVisualStudioVersion = 10.0.40219.1
Project("{FAE04EC0-301F-11D3-BF4B-00C04F79EFBC}") = "Amazon", "Amazon\Amazon.csproj", "{60F39DCC-07A9-4372-9D70-DA2B29CB9482}"
EndProject
Global
	GlobalSection(SolutionConfigurationPlatforms) = preSolution
		Debug|Any CPU = Debug|Any CPU
		Release|Any CPU = Release|Any CPU
	EndGlobalSection
	GlobalSection(ProjectConfigurationPlatforms) = postSolution
		{60F39DCC-07A9-4372-9D70-DA2B29CB9482}.Debug|Any CPU.ActiveCfg = Debug|Any CPU
		{60F39DCC-07A9-4372-9D70-DA2B29CB9482}.Debug|Any CPU.Build.0 = Debug|Any CPU
		{60F39DCC-07A9-4372-9D70-DA2B29CB9482}.Release|Any CPU.ActiveCfg = Release|Any CPU
		{60F39DCC-07A9-4372-9D70-DA2B29CB9482}.Release|Any CPU.Build.0 = Release|Any CPU
	EndGlobalSection
	GlobalSection(SolutionProperties) = preSolution
		HideSolutionNode = FALSE
	EndGlobalSection
	GlobalSection(ExtensibilityGlobals) = postSolution
		SolutionGuid = {874FFEEB-8F49-4CCD-A460-B6E813CD7B78}
	EndGlobalSection
EndGlobal
